
Microsoft Visual Studio Solution File, Format Version 12.00
# Visual Studio 15
VisualStudioVersion = 15.0.28307.645
MinimumVisualStudioVersion = 10.0.40219.1
Project("{FAE04EC0-301F-11D3-BF4B-00C04F79EFBC}") = "Assignment", "Assignment\Assignment.csproj", "{D8ACEDCF-E7D8-4903-BF71-8D892F3E203B}"
EndProject
Project("{FAE04EC0-301F-11D3-BF4B-00C04F79EFBC}") = "AssignmentInterfaces", "AssignmentInterfaces\AssignmentInterfaces.csproj", "{F99B6B51-BADD-44A7-A314-05514B664B78}"
EndProject
Project("{FAE04EC0-301F-11D3-BF4B-00C04F79EFBC}") = "InfoCards2", "InfoCards2\InfoCards2.csproj", "{E40944D7-01A0-43B4-9DF3-2C66DBFA0BF5}"
EndProject
Project("{FAE04EC0-301F-11D3-BF4B-00C04F79EFBC}") = "InfoCards", "InfoCards\InfoCards.csproj", "{3A1A7ADF-6B54-49EA-A883-51231E04C68D}"
EndProject
Global
	GlobalSection(SolutionConfigurationPlatforms) = preSolution
		Debug|Any CPU = Debug|Any CPU
		Release|Any CPU = Release|Any CPU
	EndGlobalSection
	GlobalSection(ProjectConfigurationPlatforms) = postSolution
		{D8ACEDCF-E7D8-4903-BF71-8D892F3E203B}.Debug|Any CPU.ActiveCfg = Debug|Any CPU
		{D8ACEDCF-E7D8-4903-BF71-8D892F3E203B}.Debug|Any CPU.Build.0 = Debug|Any CPU
		{D8ACEDCF-E7D8-4903-BF71-8D892F3E203B}.Release|Any CPU.ActiveCfg = Release|Any CPU
		{D8ACEDCF-E7D8-4903-BF71-8D892F3E203B}.Release|Any CPU.Build.0 = Release|Any CPU
		{F99B6B51-BADD-44A7-A314-05514B664B78}.Debug|Any CPU.ActiveCfg = Debug|Any CPU
		{F99B6B51-BADD-44A7-A314-05514B664B78}.Debug|Any CPU.Build.0 = Debug|Any CPU
		{F99B6B51-BADD-44A7-A314-05514B664B78}.Release|Any CPU.ActiveCfg = Release|Any CPU
		{F99B6B51-BADD-44A7-A314-05514B664B78}.Release|Any CPU.Build.0 = Release|Any CPU
		{E40944D7-01A0-43B4-9DF3-2C66DBFA0BF5}.Debug|Any CPU.ActiveCfg = Debug|Any CPU
		{E40944D7-01A0-43B4-9DF3-2C66DBFA0BF5}.Debug|Any CPU.Build.0 = Debug|Any CPU
		{E40944D7-01A0-43B4-9DF3-2C66DBFA0BF5}.Release|Any CPU.ActiveCfg = Release|Any CPU
		{E40944D7-01A0-43B4-9DF3-2C66DBFA0BF5}.Release|Any CPU.Build.0 = Release|Any CPU
		{3A1A7ADF-6B54-49EA-A883-51231E04C68D}.Debug|Any CPU.ActiveCfg = Debug|Any CPU
		{3A1A7ADF-6B54-49EA-A883-51231E04C68D}.Debug|Any CPU.Build.0 = Debug|Any CPU
		{3A1A7ADF-6B54-49EA-A883-51231E04C68D}.Release|Any CPU.ActiveCfg = Release|Any CPU
		{3A1A7ADF-6B54-49EA-A883-51231E04C68D}.Release|Any CPU.Build.0 = Release|Any CPU
	EndGlobalSection
	GlobalSection(SolutionProperties) = preSolution
		HideSolutionNode = FALSE
	EndGlobalSection
	GlobalSection(ExtensibilityGlobals) = postSolution
		SolutionGuid = {7C874CE7-A746-4748-B0DB-454D8983F32B}
	EndGlobalSection
EndGlobal
